
Microsoft Visual Studio Solution File, Format Version 12.00
# Visual Studio Express 2013 for Windows Desktop
VisualStudioVersion = 12.0.30723.0
MinimumVisualStudioVersion = 10.0.40219.1
Project("{FAE04EC0-301F-11D3-BF4B-00C04F79EFBC}") = "Problem 5. Print Your Name", "Problem 5. Print Your Name\Problem 5. Print Your Name.csproj", "{2B6B7212-BD9D-4271-A752-B56565EB30EB}"
EndProject
Project("{FAE04EC0-301F-11D3-BF4B-00C04F79EFBC}") = "Problem 6. Print Numbers", "Problem 6. Print Numbers\Problem 6. Print Numbers.csproj", "{266BE556-D6DF-4B9F-86C3-9656DA2E5CD8}"
EndProject
Project("{FAE04EC0-301F-11D3-BF4B-00C04F79EFBC}") = "Problem 7. Print First and Last Name", "Problem 7. Print First and Last Name\Problem 7. Print First and Last Name.csproj", "{A28DC152-BB3C-42D7-A65A-500CA586DEB7}"
EndProject
Project("{FAE04EC0-301F-11D3-BF4B-00C04F79EFBC}") = "Problem 8. Square Root", "Problem 8. Square Root\Problem 8. Square Root.csproj", "{B6C39449-5C60-4866-B6F0-66D646E6EAD7}"
EndProject
Project("{FAE04EC0-301F-11D3-BF4B-00C04F79EFBC}") = "Problem 9. Print a Sequence", "Problem 9. Print a Sequence\Problem 9. Print a Sequence.csproj", "{20FCFC65-F4B6-422C-892F-B4F825D9B377}"
EndProject
Project("{FAE04EC0-301F-11D3-BF4B-00C04F79EFBC}") = "Problem 10. Reformat CSharp Code", "Problem 10. Reformat CSharp Code\Problem 10. Reformat CSharp Code.csproj", "{6D82D415-DAD7-4443-A6DC-1DFD14F2FBD5}"
EndProject
Project("{FAE04EC0-301F-11D3-BF4B-00C04F79EFBC}") = "Problem 4. Hello World", "Problem 4. Hello World\Problem 4. Hello World.csproj", "{62AFA5FD-6813-4730-9508-C021FEFBDF4B}"
EndProject
Project("{FAE04EC0-301F-11D3-BF4B-00C04F79EFBC}") = "Problem 11. Programming Languages", "Problem 11. Programming Languages\Problem 11. Programming Languages.csproj", "{0383EA20-970F-41DB-BFA8-62F6384B1935}"
EndProject
Project("{FAE04EC0-301F-11D3-BF4B-00C04F79EFBC}") = "Problem 12. Development Environments", "Problem 12. Development Environments\Problem 12. Development Environments.csproj", "{71A92091-A6F1-42C7-8425-D6917952980F}"
EndProject
Project("{FAE04EC0-301F-11D3-BF4B-00C04F79EFBC}") = "Problem 13. CSharp and .NET Differences", "Problem 13. CSharp and .NET Differences\Problem 13. CSharp and .NET Differences.csproj", "{030E4522-F3F5-4F96-94F6-AE5B0BE7271F}"
EndProject
Project("{FAE04EC0-301F-11D3-BF4B-00C04F79EFBC}") = "Problem 14. Current Date and Time", "Problem 14. Current Date and Time\Problem 14. Current Date and Time.csproj", "{8F9AC844-96BF-4F96-BDF9-24FD2121451C}"
EndProject
Project("{FAE04EC0-301F-11D3-BF4B-00C04F79EFBC}") = "Problem 15. Age after 10 Years", "Problem 15. Age after 10 Years\Problem 15. Age after 10 Years.csproj", "{EE27527F-3DBD-4E71-8AF6-F825313AC742}"
EndProject
Project("{FAE04EC0-301F-11D3-BF4B-00C04F79EFBC}") = "Problem 16. Print Long Sequence", "Problem 16. Print Long Sequence\Problem 16. Print Long Sequence.csproj", "{EE17A6D1-4B03-47D9-907B-91A439137C53}"
EndProject
Global
	GlobalSection(SolutionConfigurationPlatforms) = preSolution
		Debug|Any CPU = Debug|Any CPU
		Release|Any CPU = Release|Any CPU
	EndGlobalSection
	GlobalSection(ProjectConfigurationPlatforms) = postSolution
		{2B6B7212-BD9D-4271-A752-B56565EB30EB}.Debug|Any CPU.ActiveCfg = Debug|Any CPU
		{2B6B7212-BD9D-4271-A752-B56565EB30EB}.Debug|Any CPU.Build.0 = Debug|Any CPU
		{2B6B7212-BD9D-4271-A752-B56565EB30EB}.Release|Any CPU.ActiveCfg = Release|Any CPU
		{2B6B7212-BD9D-4271-A752-B56565EB30EB}.Release|Any CPU.Build.0 = Release|Any CPU
		{266BE556-D6DF-4B9F-86C3-9656DA2E5CD8}.Debug|Any CPU.ActiveCfg = Debug|Any CPU
		{266BE556-D6DF-4B9F-86C3-9656DA2E5CD8}.Debug|Any CPU.Build.0 = Debug|Any CPU
		{266BE556-D6DF-4B9F-86C3-9656DA2E5CD8}.Release|Any CPU.ActiveCfg = Release|Any CPU
		{266BE556-D6DF-4B9F-86C3-9656DA2E5CD8}.Release|Any CPU.Build.0 = Release|Any CPU
		{A28DC152-BB3C-42D7-A65A-500CA586DEB7}.Debug|Any CPU.ActiveCfg = Debug|Any CPU
		{A28DC152-BB3C-42D7-A65A-500CA586DEB7}.Debug|Any CPU.Build.0 = Debug|Any CPU
		{A28DC152-BB3C-42D7-A65A-500CA586DEB7}.Release|Any CPU.ActiveCfg = Release|Any CPU
		{A28DC152-BB3C-42D7-A65A-500CA586DEB7}.Release|Any CPU.Build.0 = Release|Any CPU
		{B6C39449-5C60-4866-B6F0-66D646E6EAD7}.Debug|Any CPU.ActiveCfg = Debug|Any CPU
		{B6C39449-5C60-4866-B6F0-66D646E6EAD7}.Debug|Any CPU.Build.0 = Debug|Any CPU
		{B6C39449-5C60-4866-B6F0-66D646E6EAD7}.Release|Any CPU.ActiveCfg = Release|Any CPU
		{B6C39449-5C60-4866-B6F0-66D646E6EAD7}.Release|Any CPU.Build.0 = Release|Any CPU
		{20FCFC65-F4B6-422C-892F-B4F825D9B377}.Debug|Any CPU.ActiveCfg = Debug|Any CPU
		{20FCFC65-F4B6-422C-892F-B4F825D9B377}.Debug|Any CPU.Build.0 = Debug|Any CPU
		{20FCFC65-F4B6-422C-892F-B4F825D9B377}.Release|Any CPU.ActiveCfg = Release|Any CPU
		{20FCFC65-F4B6-422C-892F-B4F825D9B377}.Release|Any CPU.Build.0 = Release|Any CPU
		{6D82D415-DAD7-4443-A6DC-1DFD14F2FBD5}.Debug|Any CPU.ActiveCfg = Debug|Any CPU
		{6D82D415-DAD7-4443-A6DC-1DFD14F2FBD5}.Debug|Any CPU.Build.0 = Debug|Any CPU
		{6D82D415-DAD7-4443-A6DC-1DFD14F2FBD5}.Release|Any CPU.ActiveCfg = Release|Any CPU
		{6D82D415-DAD7-4443-A6DC-1DFD14F2FBD5}.Release|Any CPU.Build.0 = Release|Any CPU
		{62AFA5FD-6813-4730-9508-C021FEFBDF4B}.Debug|Any CPU.ActiveCfg = Debug|Any CPU
		{62AFA5FD-6813-4730-9508-C021FEFBDF4B}.Debug|Any CPU.Build.0 = Debug|Any CPU
		{62AFA5FD-6813-4730-9508-C021FEFBDF4B}.Release|Any CPU.ActiveCfg = Release|Any CPU
		{62AFA5FD-6813-4730-9508-C021FEFBDF4B}.Release|Any CPU.Build.0 = Release|Any CPU
		{0383EA20-970F-41DB-BFA8-62F6384B1935}.Debug|Any CPU.ActiveCfg = Debug|Any CPU
		{0383EA20-970F-41DB-BFA8-62F6384B1935}.Debug|Any CPU.Build.0 = Debug|Any CPU
		{0383EA20-970F-41DB-BFA8-62F6384B1935}.Release|Any CPU.ActiveCfg = Release|Any CPU
		{0383EA20-970F-41DB-BFA8-62F6384B1935}.Release|Any CPU.Build.0 = Release|Any CPU
		{71A92091-A6F1-42C7-8425-D6917952980F}.Debug|Any CPU.ActiveCfg = Debug|Any CPU
		{71A92091-A6F1-42C7-8425-D6917952980F}.Debug|Any CPU.Build.0 = Debug|Any CPU
		{71A92091-A6F1-42C7-8425-D6917952980F}.Release|Any CPU.ActiveCfg = Release|Any CPU
		{71A92091-A6F1-42C7-8425-D6917952980F}.Release|Any CPU.Build.0 = Release|Any CPU
		{030E4522-F3F5-4F96-94F6-AE5B0BE7271F}.Debug|Any CPU.ActiveCfg = Debug|Any CPU
		{030E4522-F3F5-4F96-94F6-AE5B0BE7271F}.Debug|Any CPU.Build.0 = Debug|Any CPU
		{030E4522-F3F5-4F96-94F6-AE5B0BE7271F}.Release|Any CPU.ActiveCfg = Release|Any CPU
		{030E4522-F3F5-4F96-94F6-AE5B0BE7271F}.Release|Any CPU.Build.0 = Release|Any CPU
		{8F9AC844-96BF-4F96-BDF9-24FD2121451C}.Debug|Any CPU.ActiveCfg = Debug|Any CPU
		{8F9AC844-96BF-4F96-BDF9-24FD2121451C}.Debug|Any CPU.Build.0 = Debug|Any CPU
		{8F9AC844-96BF-4F96-BDF9-24FD2121451C}.Release|Any CPU.ActiveCfg = Release|Any CPU
		{8F9AC844-96BF-4F96-BDF9-24FD2121451C}.Release|Any CPU.Build.0 = Release|Any CPU
		{EE27527F-3DBD-4E71-8AF6-F825313AC742}.Debug|Any CPU.ActiveCfg = Debug|Any CPU
		{EE27527F-3DBD-4E71-8AF6-F825313AC742}.Debug|Any CPU.Build.0 = Debug|Any CPU
		{EE27527F-3DBD-4E71-8AF6-F825313AC742}.Release|Any CPU.ActiveCfg = Release|Any CPU
		{EE27527F-3DBD-4E71-8AF6-F825313AC742}.Release|Any CPU.Build.0 = Release|Any CPU
		{EE17A6D1-4B03-47D9-907B-91A439137C53}.Debug|Any CPU.ActiveCfg = Debug|Any CPU
		{EE17A6D1-4B03-47D9-907B-91A439137C53}.Debug|Any CPU.Build.0 = Debug|Any CPU
		{EE17A6D1-4B03-47D9-907B-91A439137C53}.Release|Any CPU.ActiveCfg = Release|Any CPU
		{EE17A6D1-4B03-47D9-907B-91A439137C53}.Release|Any CPU.Build.0 = Release|Any CPU
	EndGlobalSection
	GlobalSection(SolutionProperties) = preSolution
		HideSolutionNode = FALSE
	EndGlobalSection
EndGlobal
