
Microsoft Visual Studio Solution File, Format Version 12.00
# Visual Studio 2013
VisualStudioVersion = 12.0.31101.0
MinimumVisualStudioVersion = 10.0.40219.1
Project("{FAE04EC0-301F-11D3-BF4B-00C04F79EFBC}") = "Problem 1. Odd or Even Integers", "Problem 1. Odd or Even Integers\Problem 1. Odd or Even Integers.csproj", "{01932243-5778-4BF5-8B6B-284A38F1D689}"
EndProject
Project("{FAE04EC0-301F-11D3-BF4B-00C04F79EFBC}") = "Problem 2. Gravitation on the Moon", "Problem 2. Gravitation on the Moon\Problem 2. Gravitation on the Moon.csproj", "{A98F6862-C40D-425D-B412-F9744382BC25}"
EndProject
Project("{FAE04EC0-301F-11D3-BF4B-00C04F79EFBC}") = "Problem 3. Divide by 7 and 5", "Problem 3. Divide by 7 and 5\Problem 3. Divide by 7 and 5.csproj", "{FAC88F24-37F3-4BB6-8CEE-6FF3A5332740}"
EndProject
Project("{FAE04EC0-301F-11D3-BF4B-00C04F79EFBC}") = "Problem 4. Rectangles", "Problem 4. Rectangles\Problem 4. Rectangles.csproj", "{A2E0B439-F095-4448-B51E-6D73A187EBF7}"
EndProject
Project("{FAE04EC0-301F-11D3-BF4B-00C04F79EFBC}") = "Problem 5. Third Digit is 7", "Problem 5. Third Digit is 7\Problem 5. Third Digit is 7.csproj", "{20A371D3-560C-45BA-A5EB-2A820EAD3481}"
EndProject
Project("{FAE04EC0-301F-11D3-BF4B-00C04F79EFBC}") = "Problem 6. Four-Digit Number", "Problem 6. Four-Digit Number\Problem 6. Four-Digit Number.csproj", "{C6F1F186-FF7A-4A11-BAEE-12509BA133B4}"
EndProject
Project("{FAE04EC0-301F-11D3-BF4B-00C04F79EFBC}") = "Problem 7. Point in a Circle", "Problem 7. Point in a Circle\Problem 7. Point in a Circle.csproj", "{C38CA8A8-15FE-41F6-9180-723F64959B3F}"
EndProject
Project("{FAE04EC0-301F-11D3-BF4B-00C04F79EFBC}") = "Problem 8. Prime Number Check", "Problem 8. Prime Number Check\Problem 8. Prime Number Check.csproj", "{122BB0CF-89BA-4D7C-AEA3-237486B3A59F}"
EndProject
Project("{FAE04EC0-301F-11D3-BF4B-00C04F79EFBC}") = "Problem 9. Trapezoids", "Problem 9. Trapezoids\Problem 9. Trapezoids.csproj", "{4CF8F47C-AF1E-4A5E-9853-55AB9BC52A37}"
EndProject
Project("{FAE04EC0-301F-11D3-BF4B-00C04F79EFBC}") = "Problem 10. IsInCircleAndRectangle", "Problem 10. Point in a Circle II\Problem 10. IsInCircleAndRectangle.csproj", "{F727297A-09AB-4A8D-9C7D-1C70A193DED7}"
EndProject
Project("{FAE04EC0-301F-11D3-BF4B-00C04F79EFBC}") = "Problem 11. Bitwise-Extract Bit 3", "Problem 11. Bitwise-Extract Bit 3\Problem 11. Bitwise-Extract Bit 3.csproj", "{B4151B0E-4C0D-40A5-B3B6-E84568534101}"
EndProject
Project("{FAE04EC0-301F-11D3-BF4B-00C04F79EFBC}") = "Problem 12. Extract Bit from Integer", "Problem 12. Extract Bit from Integer\Problem 12. Extract Bit from Integer.csproj", "{EA71D846-A6B2-4946-864E-C45BD2B3D326}"
EndProject
Project("{FAE04EC0-301F-11D3-BF4B-00C04F79EFBC}") = "Problem 13. Check a Bit at Given Position", "Problem 13. Check a Bit at Given Position\Problem 13. Check a Bit at Given Position.csproj", "{89EF3DA7-4477-42FE-9EFD-1FF5AF1021E7}"
EndProject
Project("{FAE04EC0-301F-11D3-BF4B-00C04F79EFBC}") = "Problem 14. Modify a Bit at Given Position", "Problem 14. Modify a Bit at Given Position\Problem 14. Modify a Bit at Given Position.csproj", "{13E13406-37FE-4FB9-8122-2A51E3F2C3D1}"
EndProject
Project("{FAE04EC0-301F-11D3-BF4B-00C04F79EFBC}") = "Problem 15. Bits Exchange", "Problem 15. Bits Exchange\Problem 15. Bits Exchange.csproj", "{2FEDA124-07E2-49E7-80F3-ADB04732E3FC}"
EndProject
Project("{FAE04EC0-301F-11D3-BF4B-00C04F79EFBC}") = "Problem 16. Bit Exchange - Advanced", "Problem 16. Bit Exchange - Advanced\Problem 16. Bit Exchange - Advanced.csproj", "{1D2D7017-6632-4244-8597-44C339E246E3}"
EndProject
Global
	GlobalSection(SolutionConfigurationPlatforms) = preSolution
		Debug|Any CPU = Debug|Any CPU
		Release|Any CPU = Release|Any CPU
	EndGlobalSection
	GlobalSection(ProjectConfigurationPlatforms) = postSolution
		{01932243-5778-4BF5-8B6B-284A38F1D689}.Debug|Any CPU.ActiveCfg = Debug|Any CPU
		{01932243-5778-4BF5-8B6B-284A38F1D689}.Debug|Any CPU.Build.0 = Debug|Any CPU
		{01932243-5778-4BF5-8B6B-284A38F1D689}.Release|Any CPU.ActiveCfg = Release|Any CPU
		{01932243-5778-4BF5-8B6B-284A38F1D689}.Release|Any CPU.Build.0 = Release|Any CPU
		{A98F6862-C40D-425D-B412-F9744382BC25}.Debug|Any CPU.ActiveCfg = Debug|Any CPU
		{A98F6862-C40D-425D-B412-F9744382BC25}.Debug|Any CPU.Build.0 = Debug|Any CPU
		{A98F6862-C40D-425D-B412-F9744382BC25}.Release|Any CPU.ActiveCfg = Release|Any CPU
		{A98F6862-C40D-425D-B412-F9744382BC25}.Release|Any CPU.Build.0 = Release|Any CPU
		{FAC88F24-37F3-4BB6-8CEE-6FF3A5332740}.Debug|Any CPU.ActiveCfg = Debug|Any CPU
		{FAC88F24-37F3-4BB6-8CEE-6FF3A5332740}.Debug|Any CPU.Build.0 = Debug|Any CPU
		{FAC88F24-37F3-4BB6-8CEE-6FF3A5332740}.Release|Any CPU.ActiveCfg = Release|Any CPU
		{FAC88F24-37F3-4BB6-8CEE-6FF3A5332740}.Release|Any CPU.Build.0 = Release|Any CPU
		{A2E0B439-F095-4448-B51E-6D73A187EBF7}.Debug|Any CPU.ActiveCfg = Debug|Any CPU
		{A2E0B439-F095-4448-B51E-6D73A187EBF7}.Debug|Any CPU.Build.0 = Debug|Any CPU
		{A2E0B439-F095-4448-B51E-6D73A187EBF7}.Release|Any CPU.ActiveCfg = Release|Any CPU
		{A2E0B439-F095-4448-B51E-6D73A187EBF7}.Release|Any CPU.Build.0 = Release|Any CPU
		{20A371D3-560C-45BA-A5EB-2A820EAD3481}.Debug|Any CPU.ActiveCfg = Debug|Any CPU
		{20A371D3-560C-45BA-A5EB-2A820EAD3481}.Debug|Any CPU.Build.0 = Debug|Any CPU
		{20A371D3-560C-45BA-A5EB-2A820EAD3481}.Release|Any CPU.ActiveCfg = Release|Any CPU
		{20A371D3-560C-45BA-A5EB-2A820EAD3481}.Release|Any CPU.Build.0 = Release|Any CPU
		{C6F1F186-FF7A-4A11-BAEE-12509BA133B4}.Debug|Any CPU.ActiveCfg = Debug|Any CPU
		{C6F1F186-FF7A-4A11-BAEE-12509BA133B4}.Debug|Any CPU.Build.0 = Debug|Any CPU
		{C6F1F186-FF7A-4A11-BAEE-12509BA133B4}.Release|Any CPU.ActiveCfg = Release|Any CPU
		{C6F1F186-FF7A-4A11-BAEE-12509BA133B4}.Release|Any CPU.Build.0 = Release|Any CPU
		{C38CA8A8-15FE-41F6-9180-723F64959B3F}.Debug|Any CPU.ActiveCfg = Debug|Any CPU
		{C38CA8A8-15FE-41F6-9180-723F64959B3F}.Debug|Any CPU.Build.0 = Debug|Any CPU
		{C38CA8A8-15FE-41F6-9180-723F64959B3F}.Release|Any CPU.ActiveCfg = Release|Any CPU
		{C38CA8A8-15FE-41F6-9180-723F64959B3F}.Release|Any CPU.Build.0 = Release|Any CPU
		{122BB0CF-89BA-4D7C-AEA3-237486B3A59F}.Debug|Any CPU.ActiveCfg = Debug|Any CPU
		{122BB0CF-89BA-4D7C-AEA3-237486B3A59F}.Debug|Any CPU.Build.0 = Debug|Any CPU
		{122BB0CF-89BA-4D7C-AEA3-237486B3A59F}.Release|Any CPU.ActiveCfg = Release|Any CPU
		{122BB0CF-89BA-4D7C-AEA3-237486B3A59F}.Release|Any CPU.Build.0 = Release|Any CPU
		{4CF8F47C-AF1E-4A5E-9853-55AB9BC52A37}.Debug|Any CPU.ActiveCfg = Debug|Any CPU
		{4CF8F47C-AF1E-4A5E-9853-55AB9BC52A37}.Debug|Any CPU.Build.0 = Debug|Any CPU
		{4CF8F47C-AF1E-4A5E-9853-55AB9BC52A37}.Release|Any CPU.ActiveCfg = Release|Any CPU
		{4CF8F47C-AF1E-4A5E-9853-55AB9BC52A37}.Release|Any CPU.Build.0 = Release|Any CPU
		{F727297A-09AB-4A8D-9C7D-1C70A193DED7}.Debug|Any CPU.ActiveCfg = Debug|Any CPU
		{F727297A-09AB-4A8D-9C7D-1C70A193DED7}.Debug|Any CPU.Build.0 = Debug|Any CPU
		{F727297A-09AB-4A8D-9C7D-1C70A193DED7}.Release|Any CPU.ActiveCfg = Release|Any CPU
		{F727297A-09AB-4A8D-9C7D-1C70A193DED7}.Release|Any CPU.Build.0 = Release|Any CPU
		{B4151B0E-4C0D-40A5-B3B6-E84568534101}.Debug|Any CPU.ActiveCfg = Debug|Any CPU
		{B4151B0E-4C0D-40A5-B3B6-E84568534101}.Debug|Any CPU.Build.0 = Debug|Any CPU
		{B4151B0E-4C0D-40A5-B3B6-E84568534101}.Release|Any CPU.ActiveCfg = Release|Any CPU
		{B4151B0E-4C0D-40A5-B3B6-E84568534101}.Release|Any CPU.Build.0 = Release|Any CPU
		{EA71D846-A6B2-4946-864E-C45BD2B3D326}.Debug|Any CPU.ActiveCfg = Debug|Any CPU
		{EA71D846-A6B2-4946-864E-C45BD2B3D326}.Debug|Any CPU.Build.0 = Debug|Any CPU
		{EA71D846-A6B2-4946-864E-C45BD2B3D326}.Release|Any CPU.ActiveCfg = Release|Any CPU
		{EA71D846-A6B2-4946-864E-C45BD2B3D326}.Release|Any CPU.Build.0 = Release|Any CPU
		{89EF3DA7-4477-42FE-9EFD-1FF5AF1021E7}.Debug|Any CPU.ActiveCfg = Debug|Any CPU
		{89EF3DA7-4477-42FE-9EFD-1FF5AF1021E7}.Debug|Any CPU.Build.0 = Debug|Any CPU
		{89EF3DA7-4477-42FE-9EFD-1FF5AF1021E7}.Release|Any CPU.ActiveCfg = Release|Any CPU
		{89EF3DA7-4477-42FE-9EFD-1FF5AF1021E7}.Release|Any CPU.Build.0 = Release|Any CPU
		{13E13406-37FE-4FB9-8122-2A51E3F2C3D1}.Debug|Any CPU.ActiveCfg = Debug|Any CPU
		{13E13406-37FE-4FB9-8122-2A51E3F2C3D1}.Debug|Any CPU.Build.0 = Debug|Any CPU
		{13E13406-37FE-4FB9-8122-2A51E3F2C3D1}.Release|Any CPU.ActiveCfg = Release|Any CPU
		{13E13406-37FE-4FB9-8122-2A51E3F2C3D1}.Release|Any CPU.Build.0 = Release|Any CPU
		{2FEDA124-07E2-49E7-80F3-ADB04732E3FC}.Debug|Any CPU.ActiveCfg = Debug|Any CPU
		{2FEDA124-07E2-49E7-80F3-ADB04732E3FC}.Debug|Any CPU.Build.0 = Debug|Any CPU
		{2FEDA124-07E2-49E7-80F3-ADB04732E3FC}.Release|Any CPU.ActiveCfg = Release|Any CPU
		{2FEDA124-07E2-49E7-80F3-ADB04732E3FC}.Release|Any CPU.Build.0 = Release|Any CPU
		{1D2D7017-6632-4244-8597-44C339E246E3}.Debug|Any CPU.ActiveCfg = Debug|Any CPU
		{1D2D7017-6632-4244-8597-44C339E246E3}.Debug|Any CPU.Build.0 = Debug|Any CPU
		{1D2D7017-6632-4244-8597-44C339E246E3}.Release|Any CPU.ActiveCfg = Release|Any CPU
		{1D2D7017-6632-4244-8597-44C339E246E3}.Release|Any CPU.Build.0 = Release|Any CPU
	EndGlobalSection
	GlobalSection(SolutionProperties) = preSolution
		HideSolutionNode = FALSE
	EndGlobalSection
EndGlobal
