
Microsoft Visual Studio Solution File, Format Version 12.00
# Visual Studio 2013
VisualStudioVersion = 12.0.31101.0
MinimumVisualStudioVersion = 10.0.40219.1
Project("{FAE04EC0-301F-11D3-BF4B-00C04F79EFBC}") = "1", "1\1.csproj", "{3E429659-2236-4A8E-9AFB-4264F9FCB789}"
EndProject
Project("{FAE04EC0-301F-11D3-BF4B-00C04F79EFBC}") = "ConsoleApplication2", "ConsoleApplication2\ConsoleApplication2.csproj", "{BC34C321-953E-4FD3-AA07-9CBEAAAB933D}"
EndProject
Project("{FAE04EC0-301F-11D3-BF4B-00C04F79EFBC}") = "2 zadacha", "2 zadacha\2 zadacha.csproj", "{B48A6428-3DD2-47CE-940C-1E78E9EE3B60}"
EndProject
Project("{FAE04EC0-301F-11D3-BF4B-00C04F79EFBC}") = "4", "4\4.csproj", "{1F108CDC-858B-4379-937B-872F8C131FC5}"
EndProject
Project("{FAE04EC0-301F-11D3-BF4B-00C04F79EFBC}") = "2test", "2test\2test.csproj", "{408055B2-7969-4D2D-9ED8-11364AEED74E}"
EndProject
Global
	GlobalSection(SolutionConfigurationPlatforms) = preSolution
		Debug|Any CPU = Debug|Any CPU
		Release|Any CPU = Release|Any CPU
	EndGlobalSection
	GlobalSection(ProjectConfigurationPlatforms) = postSolution
		{3E429659-2236-4A8E-9AFB-4264F9FCB789}.Debug|Any CPU.ActiveCfg = Debug|Any CPU
		{3E429659-2236-4A8E-9AFB-4264F9FCB789}.Debug|Any CPU.Build.0 = Debug|Any CPU
		{3E429659-2236-4A8E-9AFB-4264F9FCB789}.Release|Any CPU.ActiveCfg = Release|Any CPU
		{3E429659-2236-4A8E-9AFB-4264F9FCB789}.Release|Any CPU.Build.0 = Release|Any CPU
		{BC34C321-953E-4FD3-AA07-9CBEAAAB933D}.Debug|Any CPU.ActiveCfg = Debug|Any CPU
		{BC34C321-953E-4FD3-AA07-9CBEAAAB933D}.Debug|Any CPU.Build.0 = Debug|Any CPU
		{BC34C321-953E-4FD3-AA07-9CBEAAAB933D}.Release|Any CPU.ActiveCfg = Release|Any CPU
		{BC34C321-953E-4FD3-AA07-9CBEAAAB933D}.Release|Any CPU.Build.0 = Release|Any CPU
		{B48A6428-3DD2-47CE-940C-1E78E9EE3B60}.Debug|Any CPU.ActiveCfg = Debug|Any CPU
		{B48A6428-3DD2-47CE-940C-1E78E9EE3B60}.Debug|Any CPU.Build.0 = Debug|Any CPU
		{B48A6428-3DD2-47CE-940C-1E78E9EE3B60}.Release|Any CPU.ActiveCfg = Release|Any CPU
		{B48A6428-3DD2-47CE-940C-1E78E9EE3B60}.Release|Any CPU.Build.0 = Release|Any CPU
		{1F108CDC-858B-4379-937B-872F8C131FC5}.Debug|Any CPU.ActiveCfg = Debug|Any CPU
		{1F108CDC-858B-4379-937B-872F8C131FC5}.Debug|Any CPU.Build.0 = Debug|Any CPU
		{1F108CDC-858B-4379-937B-872F8C131FC5}.Release|Any CPU.ActiveCfg = Release|Any CPU
		{1F108CDC-858B-4379-937B-872F8C131FC5}.Release|Any CPU.Build.0 = Release|Any CPU
		{408055B2-7969-4D2D-9ED8-11364AEED74E}.Debug|Any CPU.ActiveCfg = Debug|Any CPU
		{408055B2-7969-4D2D-9ED8-11364AEED74E}.Debug|Any CPU.Build.0 = Debug|Any CPU
		{408055B2-7969-4D2D-9ED8-11364AEED74E}.Release|Any CPU.ActiveCfg = Release|Any CPU
		{408055B2-7969-4D2D-9ED8-11364AEED74E}.Release|Any CPU.Build.0 = Release|Any CPU
	EndGlobalSection
	GlobalSection(SolutionProperties) = preSolution
		HideSolutionNode = FALSE
	EndGlobalSection
EndGlobal
